// !$*UTF8*$!
{
	archiveVersion = 1;
	classes = {
	};
	objectVersion = 56;
	objects = {

/* Begin PBXBuildFile section */
		53307EB62A209F1000E370A2 /* SceneDelegateTests.swift in Sources */ = {isa = PBXBuildFile; fileRef = 53307EB52A209F1000E370A2 /* SceneDelegateTests.swift */; };
		536D0FAF2A1BF59E00D60260 /* FeedLoaderStub.swift in Sources */ = {isa = PBXBuildFile; fileRef = 536D0FAE2A1BF59E00D60260 /* FeedLoaderStub.swift */; };
		536D0FB92A1F5BA200D60260 /* FeedImageDataLoaderSpy.swift in Sources */ = {isa = PBXBuildFile; fileRef = 536D0FB82A1F5BA200D60260 /* FeedImageDataLoaderSpy.swift */; };
		536D0FBB2A1F67E500D60260 /* XCTestCase+FeedImageDataLoader.swift in Sources */ = {isa = PBXBuildFile; fileRef = 536D0FBA2A1F67E500D60260 /* XCTestCase+FeedImageDataLoader.swift */; };
		538FF0032A20A479007C4F7C /* MainQueueDispatchDecorator.swift in Sources */ = {isa = PBXBuildFile; fileRef = 538FEFFF2A20A479007C4F7C /* MainQueueDispatchDecorator.swift */; };
		538FF0042A20A479007C4F7C /* FeedUIComposer.swift in Sources */ = {isa = PBXBuildFile; fileRef = 538FF0002A20A479007C4F7C /* FeedUIComposer.swift */; };
		538FF0052A20A479007C4F7C /* FeedImageDataLoaderPresentationAdapter.swift in Sources */ = {isa = PBXBuildFile; fileRef = 538FEFFE2A20A479007C4F7C /* FeedImageDataLoaderPresentationAdapter.swift */; };
		538FF0062A20A479007C4F7C /* WeakRefVirtualProxy.swift in Sources */ = {isa = PBXBuildFile; fileRef = 538FEFFD2A20A479007C4F7C /* WeakRefVirtualProxy.swift */; };
		538FF0072A20A479007C4F7C /* FeedViewAdapter.swift in Sources */ = {isa = PBXBuildFile; fileRef = 538FF0022A20A479007C4F7C /* FeedViewAdapter.swift */; };
		538FF0082A20A479007C4F7C /* LoadResourcePresentationAdapter.swift in Sources */ = {isa = PBXBuildFile; fileRef = 538FF0012A20A479007C4F7C /* LoadResourcePresentationAdapter.swift */; };
		538FF0112A20A4C2007C4F7C /* FeedUIIntegrationTests+LoaderSpy.swift in Sources */ = {isa = PBXBuildFile; fileRef = 538FF00F2A20A4C2007C4F7C /* FeedUIIntegrationTests+LoaderSpy.swift */; };
		538FF0122A20A4C2007C4F7C /* FeedViewControllerTests+Localization.swift in Sources */ = {isa = PBXBuildFile; fileRef = 538FF00A2A20A4C1007C4F7C /* FeedViewControllerTests+Localization.swift */; };
		538FF0132A20A4C2007C4F7C /* UIImage+TestHelpers.swift in Sources */ = {isa = PBXBuildFile; fileRef = 538FF00E2A20A4C2007C4F7C /* UIImage+TestHelpers.swift */; };
		538FF0142A20A4C2007C4F7C /* FeedViewController+TestHelpers.swift in Sources */ = {isa = PBXBuildFile; fileRef = 538FF0102A20A4C2007C4F7C /* FeedViewController+TestHelpers.swift */; };
		538FF0152A20A4C2007C4F7C /* FeedImageCell+TestHelpers.swift in Sources */ = {isa = PBXBuildFile; fileRef = 538FF00B2A20A4C1007C4F7C /* FeedImageCell+TestHelpers.swift */; };
		538FF0162A20A4C2007C4F7C /* UIButton+TestHelpers.swift in Sources */ = {isa = PBXBuildFile; fileRef = 538FF00C2A20A4C1007C4F7C /* UIButton+TestHelpers.swift */; };
		538FF0172A20A4C2007C4F7C /* FeedUIIntegrationTests+Assertions.swift in Sources */ = {isa = PBXBuildFile; fileRef = 538FF0092A20A4C1007C4F7C /* FeedUIIntegrationTests+Assertions.swift */; };
		538FF0182A20A4C2007C4F7C /* UIRefreshControl+TestHelpers.swift in Sources */ = {isa = PBXBuildFile; fileRef = 538FF00D2A20A4C2007C4F7C /* UIRefreshControl+TestHelpers.swift */; };
		538FF01A2A20AE51007C4F7C /* FeedUIIntegrationTests.swift in Sources */ = {isa = PBXBuildFile; fileRef = 538FF0192A20AE51007C4F7C /* FeedUIIntegrationTests.swift */; };
		538FF01C2A20AECE007C4F7C /* FeedAcceptanceTests.swift in Sources */ = {isa = PBXBuildFile; fileRef = 538FF01B2A20AECE007C4F7C /* FeedAcceptanceTests.swift */; };
		53AAB17D2A10EEDF004A293D /* EssentialFeediOS.framework in Frameworks */ = {isa = PBXBuildFile; fileRef = 53AAB17C2A10EEDF004A293D /* EssentialFeediOS.framework */; };
		53AAB17E2A10EEDF004A293D /* EssentialFeediOS.framework in Embed Frameworks */ = {isa = PBXBuildFile; fileRef = 53AAB17C2A10EEDF004A293D /* EssentialFeediOS.framework */; settings = {ATTRIBUTES = (CodeSignOnCopy, RemoveHeadersOnCopy, ); }; };
		53AAB1812A10EEE1004A293D /* EssentialFeed.framework in Frameworks */ = {isa = PBXBuildFile; fileRef = 53AAB1802A10EEE1004A293D /* EssentialFeed.framework */; };
		53AAB1822A10EEE1004A293D /* EssentialFeed.framework in Embed Frameworks */ = {isa = PBXBuildFile; fileRef = 53AAB1802A10EEE1004A293D /* EssentialFeed.framework */; settings = {ATTRIBUTES = (CodeSignOnCopy, RemoveHeadersOnCopy, ); }; };
		53D273AD2A1A7871003F5300 /* XCTestCase+Helpers.swift in Sources */ = {isa = PBXBuildFile; fileRef = 53D273AC2A1A7871003F5300 /* XCTestCase+Helpers.swift */; };
		53E451312A30E72600CEA4F0 /* CombineHelpers.swift in Sources */ = {isa = PBXBuildFile; fileRef = 53E451302A30E72600CEA4F0 /* CombineHelpers.swift */; };
		53EAFF6E2A10E20900F640BC /* AppDelegate.swift in Sources */ = {isa = PBXBuildFile; fileRef = 53EAFF6D2A10E20900F640BC /* AppDelegate.swift */; };
		53EAFF702A10E20900F640BC /* SceneDelegate.swift in Sources */ = {isa = PBXBuildFile; fileRef = 53EAFF6F2A10E20900F640BC /* SceneDelegate.swift */; };
		53EAFF772A10E20B00F640BC /* Assets.xcassets in Resources */ = {isa = PBXBuildFile; fileRef = 53EAFF762A10E20B00F640BC /* Assets.xcassets */; };
		53EAFF7A2A10E20B00F640BC /* LaunchScreen.storyboard in Resources */ = {isa = PBXBuildFile; fileRef = 53EAFF782A10E20B00F640BC /* LaunchScreen.storyboard */; };
		53EAFF852A10E20B00F640BC /* EssentialAppTests.swift in Sources */ = {isa = PBXBuildFile; fileRef = 53EAFF842A10E20B00F640BC /* EssentialAppTests.swift */; };
/* End PBXBuildFile section */

/* Begin PBXContainerItemProxy section */
		53EAFF812A10E20B00F640BC /* PBXContainerItemProxy */ = {
			isa = PBXContainerItemProxy;
			containerPortal = 53EAFF622A10E20900F640BC /* Project object */;
			proxyType = 1;
			remoteGlobalIDString = 53EAFF692A10E20900F640BC;
			remoteInfo = EssentialApp;
		};
/* End PBXContainerItemProxy section */

/* Begin PBXCopyFilesBuildPhase section */
		53AAB17F2A10EEDF004A293D /* Embed Frameworks */ = {
			isa = PBXCopyFilesBuildPhase;
			buildActionMask = 2147483647;
			dstPath = "";
			dstSubfolderSpec = 10;
			files = (
				53AAB17E2A10EEDF004A293D /* EssentialFeediOS.framework in Embed Frameworks */,
				53AAB1822A10EEE1004A293D /* EssentialFeed.framework in Embed Frameworks */,
			);
			name = "Embed Frameworks";
			runOnlyForDeploymentPostprocessing = 0;
		};
/* End PBXCopyFilesBuildPhase section */

/* Begin PBXFileReference section */
		53307EB52A209F1000E370A2 /* SceneDelegateTests.swift */ = {isa = PBXFileReference; lastKnownFileType = sourcecode.swift; path = SceneDelegateTests.swift; sourceTree = "<group>"; };
		536D0FAE2A1BF59E00D60260 /* FeedLoaderStub.swift */ = {isa = PBXFileReference; lastKnownFileType = sourcecode.swift; path = FeedLoaderStub.swift; sourceTree = "<group>"; };
		536D0FB82A1F5BA200D60260 /* FeedImageDataLoaderSpy.swift */ = {isa = PBXFileReference; lastKnownFileType = sourcecode.swift; path = FeedImageDataLoaderSpy.swift; sourceTree = "<group>"; };
		536D0FBA2A1F67E500D60260 /* XCTestCase+FeedImageDataLoader.swift */ = {isa = PBXFileReference; lastKnownFileType = sourcecode.swift; path = "XCTestCase+FeedImageDataLoader.swift"; sourceTree = "<group>"; };
		538FEFFD2A20A479007C4F7C /* WeakRefVirtualProxy.swift */ = {isa = PBXFileReference; lastKnownFileType = sourcecode.swift; path = WeakRefVirtualProxy.swift; sourceTree = "<group>"; };
		538FEFFE2A20A479007C4F7C /* FeedImageDataLoaderPresentationAdapter.swift */ = {isa = PBXFileReference; lastKnownFileType = sourcecode.swift; path = FeedImageDataLoaderPresentationAdapter.swift; sourceTree = "<group>"; };
		538FEFFF2A20A479007C4F7C /* MainQueueDispatchDecorator.swift */ = {isa = PBXFileReference; lastKnownFileType = sourcecode.swift; path = MainQueueDispatchDecorator.swift; sourceTree = "<group>"; };
		538FF0002A20A479007C4F7C /* FeedUIComposer.swift */ = {isa = PBXFileReference; lastKnownFileType = sourcecode.swift; path = FeedUIComposer.swift; sourceTree = "<group>"; };
		538FF0012A20A479007C4F7C /* LoadResourcePresentationAdapter.swift */ = {isa = PBXFileReference; lastKnownFileType = sourcecode.swift; path = LoadResourcePresentationAdapter.swift; sourceTree = "<group>"; };
		538FF0022A20A479007C4F7C /* FeedViewAdapter.swift */ = {isa = PBXFileReference; lastKnownFileType = sourcecode.swift; path = FeedViewAdapter.swift; sourceTree = "<group>"; };
		538FF0092A20A4C1007C4F7C /* FeedUIIntegrationTests+Assertions.swift */ = {isa = PBXFileReference; lastKnownFileType = sourcecode.swift; path = "FeedUIIntegrationTests+Assertions.swift"; sourceTree = "<group>"; };
		538FF00A2A20A4C1007C4F7C /* FeedViewControllerTests+Localization.swift */ = {isa = PBXFileReference; lastKnownFileType = sourcecode.swift; path = "FeedViewControllerTests+Localization.swift"; sourceTree = "<group>"; };
		538FF00B2A20A4C1007C4F7C /* FeedImageCell+TestHelpers.swift */ = {isa = PBXFileReference; lastKnownFileType = sourcecode.swift; path = "FeedImageCell+TestHelpers.swift"; sourceTree = "<group>"; };
		538FF00C2A20A4C1007C4F7C /* UIButton+TestHelpers.swift */ = {isa = PBXFileReference; lastKnownFileType = sourcecode.swift; path = "UIButton+TestHelpers.swift"; sourceTree = "<group>"; };
		538FF00D2A20A4C2007C4F7C /* UIRefreshControl+TestHelpers.swift */ = {isa = PBXFileReference; lastKnownFileType = sourcecode.swift; path = "UIRefreshControl+TestHelpers.swift"; sourceTree = "<group>"; };
		538FF00E2A20A4C2007C4F7C /* UIImage+TestHelpers.swift */ = {isa = PBXFileReference; lastKnownFileType = sourcecode.swift; path = "UIImage+TestHelpers.swift"; sourceTree = "<group>"; };
		538FF00F2A20A4C2007C4F7C /* FeedUIIntegrationTests+LoaderSpy.swift */ = {isa = PBXFileReference; lastKnownFileType = sourcecode.swift; path = "FeedUIIntegrationTests+LoaderSpy.swift"; sourceTree = "<group>"; };
		538FF0102A20A4C2007C4F7C /* FeedViewController+TestHelpers.swift */ = {isa = PBXFileReference; lastKnownFileType = sourcecode.swift; path = "FeedViewController+TestHelpers.swift"; sourceTree = "<group>"; };
		538FF0192A20AE51007C4F7C /* FeedUIIntegrationTests.swift */ = {isa = PBXFileReference; fileEncoding = 4; lastKnownFileType = sourcecode.swift; path = FeedUIIntegrationTests.swift; sourceTree = "<group>"; };
		538FF01B2A20AECE007C4F7C /* FeedAcceptanceTests.swift */ = {isa = PBXFileReference; lastKnownFileType = sourcecode.swift; path = FeedAcceptanceTests.swift; sourceTree = "<group>"; };
		53AAB17C2A10EEDF004A293D /* EssentialFeediOS.framework */ = {isa = PBXFileReference; explicitFileType = wrapper.framework; path = EssentialFeediOS.framework; sourceTree = BUILT_PRODUCTS_DIR; };
		53AAB1802A10EEE1004A293D /* EssentialFeed.framework */ = {isa = PBXFileReference; explicitFileType = wrapper.framework; path = EssentialFeed.framework; sourceTree = BUILT_PRODUCTS_DIR; };
		53D273AC2A1A7871003F5300 /* XCTestCase+Helpers.swift */ = {isa = PBXFileReference; lastKnownFileType = sourcecode.swift; path = "XCTestCase+Helpers.swift"; sourceTree = "<group>"; };
		53E451302A30E72600CEA4F0 /* CombineHelpers.swift */ = {isa = PBXFileReference; lastKnownFileType = sourcecode.swift; path = CombineHelpers.swift; sourceTree = "<group>"; };
		53EAFF6A2A10E20900F640BC /* EssentialApp.app */ = {isa = PBXFileReference; explicitFileType = wrapper.application; includeInIndex = 0; path = EssentialApp.app; sourceTree = BUILT_PRODUCTS_DIR; };
		53EAFF6D2A10E20900F640BC /* AppDelegate.swift */ = {isa = PBXFileReference; lastKnownFileType = sourcecode.swift; path = AppDelegate.swift; sourceTree = "<group>"; };
		53EAFF6F2A10E20900F640BC /* SceneDelegate.swift */ = {isa = PBXFileReference; lastKnownFileType = sourcecode.swift; path = SceneDelegate.swift; sourceTree = "<group>"; };
		53EAFF762A10E20B00F640BC /* Assets.xcassets */ = {isa = PBXFileReference; lastKnownFileType = folder.assetcatalog; path = Assets.xcassets; sourceTree = "<group>"; };
		53EAFF792A10E20B00F640BC /* Base */ = {isa = PBXFileReference; lastKnownFileType = file.storyboard; name = Base; path = Base.lproj/LaunchScreen.storyboard; sourceTree = "<group>"; };
		53EAFF7B2A10E20B00F640BC /* Info.plist */ = {isa = PBXFileReference; lastKnownFileType = text.plist.xml; path = Info.plist; sourceTree = "<group>"; };
		53EAFF802A10E20B00F640BC /* EssentialAppTests.xctest */ = {isa = PBXFileReference; explicitFileType = wrapper.cfbundle; includeInIndex = 0; path = EssentialAppTests.xctest; sourceTree = BUILT_PRODUCTS_DIR; };
		53EAFF842A10E20B00F640BC /* EssentialAppTests.swift */ = {isa = PBXFileReference; lastKnownFileType = sourcecode.swift; path = EssentialAppTests.swift; sourceTree = "<group>"; };
/* End PBXFileReference section */

/* Begin PBXFrameworksBuildPhase section */
		53EAFF672A10E20900F640BC /* Frameworks */ = {
			isa = PBXFrameworksBuildPhase;
			buildActionMask = 2147483647;
			files = (
				53AAB17D2A10EEDF004A293D /* EssentialFeediOS.framework in Frameworks */,
				53AAB1812A10EEE1004A293D /* EssentialFeed.framework in Frameworks */,
			);
			runOnlyForDeploymentPostprocessing = 0;
		};
		53EAFF7D2A10E20B00F640BC /* Frameworks */ = {
			isa = PBXFrameworksBuildPhase;
			buildActionMask = 2147483647;
			files = (
			);
			runOnlyForDeploymentPostprocessing = 0;
		};
/* End PBXFrameworksBuildPhase section */

/* Begin PBXGroup section */
		53AAB17B2A10EEDF004A293D /* Frameworks */ = {
			isa = PBXGroup;
			children = (
				53AAB1802A10EEE1004A293D /* EssentialFeed.framework */,
				53AAB17C2A10EEDF004A293D /* EssentialFeediOS.framework */,
			);
			name = Frameworks;
			sourceTree = "<group>";
		};
		53D273AB2A1A7856003F5300 /* Helpers */ = {
			isa = PBXGroup;
			children = (
				538FF00A2A20A4C1007C4F7C /* FeedViewControllerTests+Localization.swift */,
				538FF0102A20A4C2007C4F7C /* FeedViewController+TestHelpers.swift */,
				538FF00D2A20A4C2007C4F7C /* UIRefreshControl+TestHelpers.swift */,
				538FF00E2A20A4C2007C4F7C /* UIImage+TestHelpers.swift */,
				538FF00C2A20A4C1007C4F7C /* UIButton+TestHelpers.swift */,
				538FF00B2A20A4C1007C4F7C /* FeedImageCell+TestHelpers.swift */,
				538FF00F2A20A4C2007C4F7C /* FeedUIIntegrationTests+LoaderSpy.swift */,
				538FF0092A20A4C1007C4F7C /* FeedUIIntegrationTests+Assertions.swift */,
				53D273AC2A1A7871003F5300 /* XCTestCase+Helpers.swift */,
				536D0FAE2A1BF59E00D60260 /* FeedLoaderStub.swift */,
				536D0FB82A1F5BA200D60260 /* FeedImageDataLoaderSpy.swift */,
				536D0FBA2A1F67E500D60260 /* XCTestCase+FeedImageDataLoader.swift */,
			);
			path = Helpers;
			sourceTree = "<group>";
		};
		53EAFF612A10E20900F640BC = {
			isa = PBXGroup;
			children = (
				53EAFF6C2A10E20900F640BC /* EssentialApp */,
				53EAFF832A10E20B00F640BC /* EssentialAppTests */,
				53EAFF6B2A10E20900F640BC /* Products */,
				53AAB17B2A10EEDF004A293D /* Frameworks */,
			);
			sourceTree = "<group>";
		};
		53EAFF6B2A10E20900F640BC /* Products */ = {
			isa = PBXGroup;
			children = (
				53EAFF6A2A10E20900F640BC /* EssentialApp.app */,
				53EAFF802A10E20B00F640BC /* EssentialAppTests.xctest */,
			);
			name = Products;
			sourceTree = "<group>";
		};
		53EAFF6C2A10E20900F640BC /* EssentialApp */ = {
			isa = PBXGroup;
			children = (
				53EAFF6D2A10E20900F640BC /* AppDelegate.swift */,
				53EAFF6F2A10E20900F640BC /* SceneDelegate.swift */,
				538FF0002A20A479007C4F7C /* FeedUIComposer.swift */,
				538FF0022A20A479007C4F7C /* FeedViewAdapter.swift */,
				538FF0012A20A479007C4F7C /* LoadResourcePresentationAdapter.swift */,
				538FEFFE2A20A479007C4F7C /* FeedImageDataLoaderPresentationAdapter.swift */,
				538FEFFD2A20A479007C4F7C /* WeakRefVirtualProxy.swift */,
				538FEFFF2A20A479007C4F7C /* MainQueueDispatchDecorator.swift */,
				53EAFF762A10E20B00F640BC /* Assets.xcassets */,
				53EAFF782A10E20B00F640BC /* LaunchScreen.storyboard */,
				53EAFF7B2A10E20B00F640BC /* Info.plist */,
				53E451302A30E72600CEA4F0 /* CombineHelpers.swift */,
			);
			path = EssentialApp;
			sourceTree = "<group>";
		};
		53EAFF832A10E20B00F640BC /* EssentialAppTests */ = {
			isa = PBXGroup;
			children = (
				53EAFF842A10E20B00F640BC /* EssentialAppTests.swift */,
				538FF0192A20AE51007C4F7C /* FeedUIIntegrationTests.swift */,
				538FF01B2A20AECE007C4F7C /* FeedAcceptanceTests.swift */,
				53D273AB2A1A7856003F5300 /* Helpers */,
				53307EB52A209F1000E370A2 /* SceneDelegateTests.swift */,
			);
			path = EssentialAppTests;
			sourceTree = "<group>";
		};
/* End PBXGroup section */

/* Begin PBXNativeTarget section */
		53EAFF692A10E20900F640BC /* EssentialApp */ = {
			isa = PBXNativeTarget;
			buildConfigurationList = 53EAFF942A10E20B00F640BC /* Build configuration list for PBXNativeTarget "EssentialApp" */;
			buildPhases = (
				53EAFF662A10E20900F640BC /* Sources */,
				53EAFF672A10E20900F640BC /* Frameworks */,
				53EAFF682A10E20900F640BC /* Resources */,
				53AAB17F2A10EEDF004A293D /* Embed Frameworks */,
			);
			buildRules = (
			);
			dependencies = (
			);
			name = EssentialApp;
			productName = EssentialApp;
			productReference = 53EAFF6A2A10E20900F640BC /* EssentialApp.app */;
			productType = "com.apple.product-type.application";
		};
		53EAFF7F2A10E20B00F640BC /* EssentialAppTests */ = {
			isa = PBXNativeTarget;
			buildConfigurationList = 53EAFF972A10E20B00F640BC /* Build configuration list for PBXNativeTarget "EssentialAppTests" */;
			buildPhases = (
				53EAFF7C2A10E20B00F640BC /* Sources */,
				53EAFF7D2A10E20B00F640BC /* Frameworks */,
				53EAFF7E2A10E20B00F640BC /* Resources */,
			);
			buildRules = (
			);
			dependencies = (
				53EAFF822A10E20B00F640BC /* PBXTargetDependency */,
			);
			name = EssentialAppTests;
			productName = EssentialAppTests;
			productReference = 53EAFF802A10E20B00F640BC /* EssentialAppTests.xctest */;
			productType = "com.apple.product-type.bundle.unit-test";
		};
/* End PBXNativeTarget section */

/* Begin PBXProject section */
		53EAFF622A10E20900F640BC /* Project object */ = {
			isa = PBXProject;
			attributes = {
				BuildIndependentTargetsInParallel = 1;
				LastSwiftUpdateCheck = 1430;
				LastUpgradeCheck = 1430;
				TargetAttributes = {
					53EAFF692A10E20900F640BC = {
						CreatedOnToolsVersion = 14.3;
					};
					53EAFF7F2A10E20B00F640BC = {
						CreatedOnToolsVersion = 14.3;
						TestTargetID = 53EAFF692A10E20900F640BC;
					};
				};
			};
			buildConfigurationList = 53EAFF652A10E20900F640BC /* Build configuration list for PBXProject "EssentialApp" */;
			compatibilityVersion = "Xcode 14.0";
			developmentRegion = en;
			hasScannedForEncodings = 0;
			knownRegions = (
				en,
				Base,
			);
			mainGroup = 53EAFF612A10E20900F640BC;
			productRefGroup = 53EAFF6B2A10E20900F640BC /* Products */;
			projectDirPath = "";
			projectRoot = "";
			targets = (
				53EAFF692A10E20900F640BC /* EssentialApp */,
				53EAFF7F2A10E20B00F640BC /* EssentialAppTests */,
			);
		};
/* End PBXProject section */

/* Begin PBXResourcesBuildPhase section */
		53EAFF682A10E20900F640BC /* Resources */ = {
			isa = PBXResourcesBuildPhase;
			buildActionMask = 2147483647;
			files = (
				53EAFF7A2A10E20B00F640BC /* LaunchScreen.storyboard in Resources */,
				53EAFF772A10E20B00F640BC /* Assets.xcassets in Resources */,
			);
			runOnlyForDeploymentPostprocessing = 0;
		};
		53EAFF7E2A10E20B00F640BC /* Resources */ = {
			isa = PBXResourcesBuildPhase;
			buildActionMask = 2147483647;
			files = (
			);
			runOnlyForDeploymentPostprocessing = 0;
		};
/* End PBXResourcesBuildPhase section */

/* Begin PBXSourcesBuildPhase section */
		53EAFF662A10E20900F640BC /* Sources */ = {
			isa = PBXSourcesBuildPhase;
			buildActionMask = 2147483647;
			files = (
				538FF0032A20A479007C4F7C /* MainQueueDispatchDecorator.swift in Sources */,
				53EAFF6E2A10E20900F640BC /* AppDelegate.swift in Sources */,
				53E451312A30E72600CEA4F0 /* CombineHelpers.swift in Sources */,
				53EAFF702A10E20900F640BC /* SceneDelegate.swift in Sources */,
				538FF0052A20A479007C4F7C /* FeedImageDataLoaderPresentationAdapter.swift in Sources */,
				538FF0062A20A479007C4F7C /* WeakRefVirtualProxy.swift in Sources */,
				538FF0042A20A479007C4F7C /* FeedUIComposer.swift in Sources */,
				538FF0082A20A479007C4F7C /* LoadResourcePresentationAdapter.swift in Sources */,
				538FF0072A20A479007C4F7C /* FeedViewAdapter.swift in Sources */,
			);
			runOnlyForDeploymentPostprocessing = 0;
		};
		53EAFF7C2A10E20B00F640BC /* Sources */ = {
			isa = PBXSourcesBuildPhase;
			buildActionMask = 2147483647;
			files = (
				538FF0122A20A4C2007C4F7C /* FeedViewControllerTests+Localization.swift in Sources */,
				538FF0172A20A4C2007C4F7C /* FeedUIIntegrationTests+Assertions.swift in Sources */,
				538FF0112A20A4C2007C4F7C /* FeedUIIntegrationTests+LoaderSpy.swift in Sources */,
				53D273AD2A1A7871003F5300 /* XCTestCase+Helpers.swift in Sources */,
				538FF01A2A20AE51007C4F7C /* FeedUIIntegrationTests.swift in Sources */,
				538FF0132A20A4C2007C4F7C /* UIImage+TestHelpers.swift in Sources */,
				536D0FBB2A1F67E500D60260 /* XCTestCase+FeedImageDataLoader.swift in Sources */,
				53307EB62A209F1000E370A2 /* SceneDelegateTests.swift in Sources */,
				536D0FB92A1F5BA200D60260 /* FeedImageDataLoaderSpy.swift in Sources */,
				53EAFF852A10E20B00F640BC /* EssentialAppTests.swift in Sources */,
				536D0FAF2A1BF59E00D60260 /* FeedLoaderStub.swift in Sources */,
				538FF0182A20A4C2007C4F7C /* UIRefreshControl+TestHelpers.swift in Sources */,
				538FF0142A20A4C2007C4F7C /* FeedViewController+TestHelpers.swift in Sources */,
				538FF01C2A20AECE007C4F7C /* FeedAcceptanceTests.swift in Sources */,
				538FF0162A20A4C2007C4F7C /* UIButton+TestHelpers.swift in Sources */,
				538FF0152A20A4C2007C4F7C /* FeedImageCell+TestHelpers.swift in Sources */,
			);
			runOnlyForDeploymentPostprocessing = 0;
		};
/* End PBXSourcesBuildPhase section */

/* Begin PBXTargetDependency section */
		53EAFF822A10E20B00F640BC /* PBXTargetDependency */ = {
			isa = PBXTargetDependency;
			target = 53EAFF692A10E20900F640BC /* EssentialApp */;
			targetProxy = 53EAFF812A10E20B00F640BC /* PBXContainerItemProxy */;
		};
/* End PBXTargetDependency section */

/* Begin PBXVariantGroup section */
		53EAFF782A10E20B00F640BC /* LaunchScreen.storyboard */ = {
			isa = PBXVariantGroup;
			children = (
				53EAFF792A10E20B00F640BC /* Base */,
			);
			name = LaunchScreen.storyboard;
			sourceTree = "<group>";
		};
/* End PBXVariantGroup section */

/* Begin XCBuildConfiguration section */
		53EAFF922A10E20B00F640BC /* Debug */ = {
			isa = XCBuildConfiguration;
			buildSettings = {
				ALWAYS_SEARCH_USER_PATHS = NO;
				CLANG_ANALYZER_NONNULL = YES;
				CLANG_ANALYZER_NUMBER_OBJECT_CONVERSION = YES_AGGRESSIVE;
				CLANG_CXX_LANGUAGE_STANDARD = "gnu++20";
				CLANG_ENABLE_MODULES = YES;
				CLANG_ENABLE_OBJC_ARC = YES;
				CLANG_ENABLE_OBJC_WEAK = YES;
				CLANG_WARN_BLOCK_CAPTURE_AUTORELEASING = YES;
				CLANG_WARN_BOOL_CONVERSION = YES;
				CLANG_WARN_COMMA = YES;
				CLANG_WARN_CONSTANT_CONVERSION = YES;
				CLANG_WARN_DEPRECATED_OBJC_IMPLEMENTATIONS = YES;
				CLANG_WARN_DIRECT_OBJC_ISA_USAGE = YES_ERROR;
				CLANG_WARN_DOCUMENTATION_COMMENTS = YES;
				CLANG_WARN_EMPTY_BODY = YES;
				CLANG_WARN_ENUM_CONVERSION = YES;
				CLANG_WARN_INFINITE_RECURSION = YES;
				CLANG_WARN_INT_CONVERSION = YES;
				CLANG_WARN_NON_LITERAL_NULL_CONVERSION = YES;
				CLANG_WARN_OBJC_IMPLICIT_RETAIN_SELF = YES;
				CLANG_WARN_OBJC_LITERAL_CONVERSION = YES;
				CLANG_WARN_OBJC_ROOT_CLASS = YES_ERROR;
				CLANG_WARN_QUOTED_INCLUDE_IN_FRAMEWORK_HEADER = YES;
				CLANG_WARN_RANGE_LOOP_ANALYSIS = YES;
				CLANG_WARN_STRICT_PROTOTYPES = YES;
				CLANG_WARN_SUSPICIOUS_MOVE = YES;
				CLANG_WARN_UNGUARDED_AVAILABILITY = YES_AGGRESSIVE;
				CLANG_WARN_UNREACHABLE_CODE = YES;
				CLANG_WARN__DUPLICATE_METHOD_MATCH = YES;
				COPY_PHASE_STRIP = NO;
				DEBUG_INFORMATION_FORMAT = dwarf;
				ENABLE_STRICT_OBJC_MSGSEND = YES;
				ENABLE_TESTABILITY = YES;
				GCC_C_LANGUAGE_STANDARD = gnu11;
				GCC_DYNAMIC_NO_PIC = NO;
				GCC_NO_COMMON_BLOCKS = YES;
				GCC_OPTIMIZATION_LEVEL = 0;
				GCC_PREPROCESSOR_DEFINITIONS = (
					"DEBUG=1",
					"$(inherited)",
				);
				GCC_WARN_64_TO_32_BIT_CONVERSION = YES;
				GCC_WARN_ABOUT_RETURN_TYPE = YES_ERROR;
				GCC_WARN_UNDECLARED_SELECTOR = YES;
				GCC_WARN_UNINITIALIZED_AUTOS = YES_AGGRESSIVE;
				GCC_WARN_UNUSED_FUNCTION = YES;
				GCC_WARN_UNUSED_VARIABLE = YES;
				IPHONEOS_DEPLOYMENT_TARGET = 16.4;
				MTL_ENABLE_DEBUG_INFO = INCLUDE_SOURCE;
				MTL_FAST_MATH = YES;
				ONLY_ACTIVE_ARCH = YES;
				SDKROOT = iphoneos;
				SWIFT_ACTIVE_COMPILATION_CONDITIONS = DEBUG;
				SWIFT_OPTIMIZATION_LEVEL = "-Onone";
			};
			name = Debug;
		};
		53EAFF932A10E20B00F640BC /* Release */ = {
			isa = XCBuildConfiguration;
			buildSettings = {
				ALWAYS_SEARCH_USER_PATHS = NO;
				CLANG_ANALYZER_NONNULL = YES;
				CLANG_ANALYZER_NUMBER_OBJECT_CONVERSION = YES_AGGRESSIVE;
				CLANG_CXX_LANGUAGE_STANDARD = "gnu++20";
				CLANG_ENABLE_MODULES = YES;
				CLANG_ENABLE_OBJC_ARC = YES;
				CLANG_ENABLE_OBJC_WEAK = YES;
				CLANG_WARN_BLOCK_CAPTURE_AUTORELEASING = YES;
				CLANG_WARN_BOOL_CONVERSION = YES;
				CLANG_WARN_COMMA = YES;
				CLANG_WARN_CONSTANT_CONVERSION = YES;
				CLANG_WARN_DEPRECATED_OBJC_IMPLEMENTATIONS = YES;
				CLANG_WARN_DIRECT_OBJC_ISA_USAGE = YES_ERROR;
				CLANG_WARN_DOCUMENTATION_COMMENTS = YES;
				CLANG_WARN_EMPTY_BODY = YES;
				CLANG_WARN_ENUM_CONVERSION = YES;
				CLANG_WARN_INFINITE_RECURSION = YES;
				CLANG_WARN_INT_CONVERSION = YES;
				CLANG_WARN_NON_LITERAL_NULL_CONVERSION = YES;
				CLANG_WARN_OBJC_IMPLICIT_RETAIN_SELF = YES;
				CLANG_WARN_OBJC_LITERAL_CONVERSION = YES;
				CLANG_WARN_OBJC_ROOT_CLASS = YES_ERROR;
				CLANG_WARN_QUOTED_INCLUDE_IN_FRAMEWORK_HEADER = YES;
				CLANG_WARN_RANGE_LOOP_ANALYSIS = YES;
				CLANG_WARN_STRICT_PROTOTYPES = YES;
				CLANG_WARN_SUSPICIOUS_MOVE = YES;
				CLANG_WARN_UNGUARDED_AVAILABILITY = YES_AGGRESSIVE;
				CLANG_WARN_UNREACHABLE_CODE = YES;
				CLANG_WARN__DUPLICATE_METHOD_MATCH = YES;
				COPY_PHASE_STRIP = NO;
				DEBUG_INFORMATION_FORMAT = "dwarf-with-dsym";
				ENABLE_NS_ASSERTIONS = NO;
				ENABLE_STRICT_OBJC_MSGSEND = YES;
				GCC_C_LANGUAGE_STANDARD = gnu11;
				GCC_NO_COMMON_BLOCKS = YES;
				GCC_WARN_64_TO_32_BIT_CONVERSION = YES;
				GCC_WARN_ABOUT_RETURN_TYPE = YES_ERROR;
				GCC_WARN_UNDECLARED_SELECTOR = YES;
				GCC_WARN_UNINITIALIZED_AUTOS = YES_AGGRESSIVE;
				GCC_WARN_UNUSED_FUNCTION = YES;
				GCC_WARN_UNUSED_VARIABLE = YES;
				IPHONEOS_DEPLOYMENT_TARGET = 16.4;
				MTL_ENABLE_DEBUG_INFO = NO;
				MTL_FAST_MATH = YES;
				SDKROOT = iphoneos;
				SWIFT_COMPILATION_MODE = wholemodule;
				SWIFT_OPTIMIZATION_LEVEL = "-O";
				VALIDATE_PRODUCT = YES;
			};
			name = Release;
		};
		53EAFF952A10E20B00F640BC /* Debug */ = {
			isa = XCBuildConfiguration;
			buildSettings = {
				ASSETCATALOG_COMPILER_APPICON_NAME = AppIcon;
				ASSETCATALOG_COMPILER_GLOBAL_ACCENT_COLOR_NAME = AccentColor;
				CODE_SIGN_STYLE = Automatic;
				CURRENT_PROJECT_VERSION = 1;
				DEVELOPMENT_TEAM = 855RVQHFAK;
				GENERATE_INFOPLIST_FILE = YES;
				INFOPLIST_FILE = EssentialApp/Info.plist;
				INFOPLIST_KEY_UIApplicationSupportsIndirectInputEvents = YES;
				INFOPLIST_KEY_UILaunchStoryboardName = LaunchScreen;
				INFOPLIST_KEY_UIMainStoryboardFile = "";
				INFOPLIST_KEY_UISupportedInterfaceOrientations = UIInterfaceOrientationPortrait;
				INFOPLIST_KEY_UISupportedInterfaceOrientations_iPad = "UIInterfaceOrientationLandscapeLeft UIInterfaceOrientationLandscapeRight UIInterfaceOrientationPortrait UIInterfaceOrientationPortraitUpsideDown";
				LD_RUNPATH_SEARCH_PATHS = (
					"$(inherited)",
					"@executable_path/Frameworks",
				);
				MARKETING_VERSION = 1.0;
				PRODUCT_BUNDLE_IDENTIFIER = aepifani.EssentialAppCaseStudy;
				PRODUCT_NAME = "$(TARGET_NAME)";
				SUPPORTED_PLATFORMS = "iphoneos iphonesimulator";
				SUPPORTS_MACCATALYST = NO;
				SUPPORTS_MAC_DESIGNED_FOR_IPHONE_IPAD = NO;
				SWIFT_EMIT_LOC_STRINGS = YES;
				SWIFT_VERSION = 5.0;
				TARGETED_DEVICE_FAMILY = 1;
			};
			name = Debug;
		};
		53EAFF962A10E20B00F640BC /* Release */ = {
			isa = XCBuildConfiguration;
			buildSettings = {
				ASSETCATALOG_COMPILER_APPICON_NAME = AppIcon;
				ASSETCATALOG_COMPILER_GLOBAL_ACCENT_COLOR_NAME = AccentColor;
				CODE_SIGN_STYLE = Automatic;
				CURRENT_PROJECT_VERSION = 1;
				DEVELOPMENT_TEAM = 855RVQHFAK;
				GENERATE_INFOPLIST_FILE = YES;
				INFOPLIST_FILE = EssentialApp/Info.plist;
				INFOPLIST_KEY_UIApplicationSupportsIndirectInputEvents = YES;
				INFOPLIST_KEY_UILaunchStoryboardName = LaunchScreen;
				INFOPLIST_KEY_UIMainStoryboardFile = "";
				INFOPLIST_KEY_UISupportedInterfaceOrientations = UIInterfaceOrientationPortrait;
				INFOPLIST_KEY_UISupportedInterfaceOrientations_iPad = "UIInterfaceOrientationLandscapeLeft UIInterfaceOrientationLandscapeRight UIInterfaceOrientationPortrait UIInterfaceOrientationPortraitUpsideDown";
				LD_RUNPATH_SEARCH_PATHS = (
					"$(inherited)",
					"@executable_path/Frameworks",
				);
				MARKETING_VERSION = 1.0;
				PRODUCT_BUNDLE_IDENTIFIER = aepifani.EssentialAppCaseStudy;
				PRODUCT_NAME = "$(TARGET_NAME)";
				SUPPORTED_PLATFORMS = "iphoneos iphonesimulator";
				SUPPORTS_MACCATALYST = NO;
				SUPPORTS_MAC_DESIGNED_FOR_IPHONE_IPAD = NO;
				SWIFT_EMIT_LOC_STRINGS = YES;
				SWIFT_VERSION = 5.0;
				TARGETED_DEVICE_FAMILY = 1;
			};
			name = Release;
		};
		53EAFF982A10E20B00F640BC /* Debug */ = {
			isa = XCBuildConfiguration;
			buildSettings = {
				ALWAYS_EMBED_SWIFT_STANDARD_LIBRARIES = YES;
				BUNDLE_LOADER = "$(TEST_HOST)";
				CODE_SIGN_STYLE = Automatic;
				CURRENT_PROJECT_VERSION = 1;
				DEVELOPMENT_TEAM = 855RVQHFAK;
				GENERATE_INFOPLIST_FILE = YES;
				IPHONEOS_DEPLOYMENT_TARGET = 16.4;
				MARKETING_VERSION = 1.0;
				PRODUCT_BUNDLE_IDENTIFIER = aepifani.EssentialAppTests;
				PRODUCT_NAME = "$(TARGET_NAME)";
				SWIFT_EMIT_LOC_STRINGS = NO;
				SWIFT_VERSION = 5.0;
				TARGETED_DEVICE_FAMILY = "1,2";
				TEST_HOST = "$(BUILT_PRODUCTS_DIR)/EssentialApp.app/$(BUNDLE_EXECUTABLE_FOLDER_PATH)/EssentialApp";
			};
			name = Debug;
		};
		53EAFF992A10E20B00F640BC /* Release */ = {
			isa = XCBuildConfiguration;
			buildSettings = {
				ALWAYS_EMBED_SWIFT_STANDARD_LIBRARIES = YES;
				BUNDLE_LOADER = "$(TEST_HOST)";
				CODE_SIGN_STYLE = Automatic;
				CURRENT_PROJECT_VERSION = 1;
				DEVELOPMENT_TEAM = 855RVQHFAK;
				GENERATE_INFOPLIST_FILE = YES;
				IPHONEOS_DEPLOYMENT_TARGET = 16.4;
				MARKETING_VERSION = 1.0;
				PRODUCT_BUNDLE_IDENTIFIER = aepifani.EssentialAppTests;
				PRODUCT_NAME = "$(TARGET_NAME)";
				SWIFT_EMIT_LOC_STRINGS = NO;
				SWIFT_VERSION = 5.0;
				TARGETED_DEVICE_FAMILY = "1,2";
				TEST_HOST = "$(BUILT_PRODUCTS_DIR)/EssentialApp.app/$(BUNDLE_EXECUTABLE_FOLDER_PATH)/EssentialApp";
			};
			name = Release;
		};
/* End XCBuildConfiguration section */

/* Begin XCConfigurationList section */
		53EAFF652A10E20900F640BC /* Build configuration list for PBXProject "EssentialApp" */ = {
			isa = XCConfigurationList;
			buildConfigurations = (
				53EAFF922A10E20B00F640BC /* Debug */,
				53EAFF932A10E20B00F640BC /* Release */,
			);
			defaultConfigurationIsVisible = 0;
			defaultConfigurationName = Release;
		};
		53EAFF942A10E20B00F640BC /* Build configuration list for PBXNativeTarget "EssentialApp" */ = {
			isa = XCConfigurationList;
			buildConfigurations = (
				53EAFF952A10E20B00F640BC /* Debug */,
				53EAFF962A10E20B00F640BC /* Release */,
			);
			defaultConfigurationIsVisible = 0;
			defaultConfigurationName = Release;
		};
		53EAFF972A10E20B00F640BC /* Build configuration list for PBXNativeTarget "EssentialAppTests" */ = {
			isa = XCConfigurationList;
			buildConfigurations = (
				53EAFF982A10E20B00F640BC /* Debug */,
				53EAFF992A10E20B00F640BC /* Release */,
			);
			defaultConfigurationIsVisible = 0;
			defaultConfigurationName = Release;
		};
/* End XCConfigurationList section */
	};
	rootObject = 53EAFF622A10E20900F640BC /* Project object */;
}
